
Microsoft Visual Studio Solution File, Format Version 12.00
# Visual Studio Version 16
VisualStudioVersion = 16.0.33801.447
MinimumVisualStudioVersion = 10.0.40219.1
Project("{FAE04EC0-301F-11D3-BF4B-00C04F79EFBC}") = "QUANLYKHACHHANG_OnThi", "QUANLYKHACHHANG_OnThi\QUANLYKHACHHANG_OnThi.csproj", "{4EFEB8DD-0892-4D2F-94A9-AD0A6FB0C1F9}"
EndProject
Global
	GlobalSection(SolutionConfigurationPlatforms) = preSolution
		Debug|Any CPU = Debug|Any CPU
		Release|Any CPU = Release|Any CPU
	EndGlobalSection
	GlobalSection(ProjectConfigurationPlatforms) = postSolution
		{4EFEB8DD-0892-4D2F-94A9-AD0A6FB0C1F9}.Debug|Any CPU.ActiveCfg = Debug|Any CPU
		{4EFEB8DD-0892-4D2F-94A9-AD0A6FB0C1F9}.Debug|Any CPU.Build.0 = Debug|Any CPU
		{4EFEB8DD-0892-4D2F-94A9-AD0A6FB0C1F9}.Release|Any CPU.ActiveCfg = Release|Any CPU
		{4EFEB8DD-0892-4D2F-94A9-AD0A6FB0C1F9}.Release|Any CPU.Build.0 = Release|Any CPU
	EndGlobalSection
	GlobalSection(SolutionProperties) = preSolution
		HideSolutionNode = FALSE
	EndGlobalSection
	GlobalSection(ExtensibilityGlobals) = postSolution
		SolutionGuid = {57EE7168-42F8-49E5-B1BF-FE02702654E9}
	EndGlobalSection
EndGlobal
