
Microsoft Visual Studio Solution File, Format Version 12.00
# Visual Studio Version 16
VisualStudioVersion = 16.0.33801.447
MinimumVisualStudioVersion = 10.0.40219.1
Project("{FAE04EC0-301F-11D3-BF4B-00C04F79EFBC}") = "GiuaKi_DangVanThoiDai_2758", "GiuaKi\GiuaKi_DangVanThoiDai_2758.csproj", "{DD6D8C12-1A92-4C2A-B185-70C37CA8507C}"
EndProject
Global
	GlobalSection(SolutionConfigurationPlatforms) = preSolution
		Debug|Any CPU = Debug|Any CPU
		Release|Any CPU = Release|Any CPU
	EndGlobalSection
	GlobalSection(ProjectConfigurationPlatforms) = postSolution
		{DD6D8C12-1A92-4C2A-B185-70C37CA8507C}.Debug|Any CPU.ActiveCfg = Debug|Any CPU
		{DD6D8C12-1A92-4C2A-B185-70C37CA8507C}.Debug|Any CPU.Build.0 = Debug|Any CPU
		{DD6D8C12-1A92-4C2A-B185-70C37CA8507C}.Release|Any CPU.ActiveCfg = Release|Any CPU
		{DD6D8C12-1A92-4C2A-B185-70C37CA8507C}.Release|Any CPU.Build.0 = Release|Any CPU
	EndGlobalSection
	GlobalSection(SolutionProperties) = preSolution
		HideSolutionNode = FALSE
	EndGlobalSection
	GlobalSection(ExtensibilityGlobals) = postSolution
		SolutionGuid = {E4DC6A1A-B617-4363-8E86-AAD8761E7453}
	EndGlobalSection
EndGlobal
